Microsoft Visual Studio Solution File, Format Version 12.00
# Visual Studio Version 17
VisualStudioVersion = 17.5.2.0
MinimumVisualStudioVersion = 10.0.40219.1
Project("{FAE04EC0-301F-11D3-BF4B-00C04F79EFBC}") = "BaiKiemTraKy072025", "BaiKiemTraKy072025.csproj", "{A9111054-9EE4-DF83-5F2F-A0139390F7A6}"
EndProject
Global
	GlobalSection(SolutionConfigurationPlatforms) = preSolution
		Debug|Any CPU = Debug|Any CPU
		Release|Any CPU = Release|Any CPU
	EndGlobalSection
	GlobalSection(ProjectConfigurationPlatforms) = postSolution
		{A9111054-9EE4-DF83-5F2F-A0139390F7A6}.Debug|Any CPU.ActiveCfg = Debug|Any CPU
		{A9111054-9EE4-DF83-5F2F-A0139390F7A6}.Debug|Any CPU.Build.0 = Debug|Any CPU
		{A9111054-9EE4-DF83-5F2F-A0139390F7A6}.Release|Any CPU.ActiveCfg = Release|Any CPU
		{A9111054-9EE4-DF83-5F2F-A0139390F7A6}.Release|Any CPU.Build.0 = Release|Any CPU
	EndGlobalSection
	GlobalSection(SolutionProperties) = preSolution
		HideSolutionNode = FALSE
	EndGlobalSection
	GlobalSection(ExtensibilityGlobals) = postSolution
		SolutionGuid = {4A9656CA-9FE9-49DA-90C5-775781049DA6}
	EndGlobalSection
EndGlobal
